{
  "requires": true,
  "lockfileVersion": 1,
  "dependencies": {
    "@babel/runtime": {
      "version": "7.9.6",
      "resolved": "https://registry.npmjs.org/@babel/runtime/-/runtime-7.9.6.tgz",
      "integrity": "sha512-64AF1xY3OAkFHqOb9s4jpgk1Mm5vDZ4L3acHvAml+53nO1XbXLuDodsVpO4OIUsmemlUHMxNdYMNJmsvOwLrvQ==",
      "requires": {
        "regenerator-runtime": "^0.13.4"
      }
    },
    "darkreader": {
      "version": "4.9.2",
      "resolved": "https://registry.npmjs.org/darkreader/-/darkreader-4.9.2.tgz",
      "integrity": "sha512-5Jjf2vK9BmFBzndsomFdrMsndXQwfZkd6o2WyqwexVeryrOkTYW1CLS+MKtPt7/rv+0wn9eBY4iufIDPqaaZ+g==",
      "requires": {
        "malevic": "0.18.0"
      }
    },
    "highlight.js": {
      "version": "10.0.3",
      "resolved": "https://registry.npmjs.org/highlight.js/-/highlight.js-10.0.3.tgz",
      "integrity": "sha512-9FG7SSzv9yOY5CGGxfI6NDm7xLYtMOjKtPBxw7Zff3t5UcRcUNTGEeS8lNjhceL34KeetLMoGMFTGoaa83HwyQ=="
    },
    "malevic": {
      "version": "0.18.0",
      "resolved": "https://registry.npmjs.org/malevic/-/malevic-0.18.0.tgz",
      "integrity": "sha512-d9XfQKexRjGUHugCUAMFjTbPnx1V8sfKcD9sYrk1/W/4/QpsgLR4x5GgkUGfHdsgQ2UbEcJSj6NWWJ+rd/m4aQ=="
    },
    "marked": {
      "version": "1.1.0",
      "resolved": "https://registry.npmjs.org/marked/-/marked-1.1.0.tgz",
      "integrity": "sha512-EkE7RW6KcXfMHy2PA7Jg0YJE1l8UPEZE8k45tylzmZM30/r1M1MUXWQfJlrSbsTeh7m/XTwHbWUENvAJZpp1YA=="
    },
    "react-native-github-markdown": {
      "version": "4.0.1",
      "resolved": "https://registry.npmjs.org/react-native-github-markdown/-/react-native-github-markdown-4.0.1.tgz",
      "integrity": "sha512-CPMevr+cD3wHEuewPla0//7qzAU9Bz4+tMXDybD52tlCri6Q16/UXPRUkXPOjyjC/8mtVDrmD84w1v2J4V6g5g==",
      "requires": {
        "@babel/runtime": "^7.9.6",
        "darkreader": "^4.7.15",
        "highlight.js": "^10.0.2",
        "marked": "^1.0.0"
      }
    },
    "regenerator-runtime": {
      "version": "0.13.5",
      "resolved": "https://registry.npmjs.org/regenerator-runtime/-/regenerator-runtime-0.13.5.tgz",
      "integrity": "sha512-ZS5w8CpKFinUzOwW3c83oPeVXoNsrLsaCoLtJvAClH135j/R77RuymhiSErhm2lKcwSCIpmvIWSbDkIfAqKQlA=="
    }
  }
}
